// !$*UTF8*$!
{
	archiveVersion = 1;
	classes = {
	};
	objectVersion = 50;
	objects = {

/* Begin PBXBuildFile section */
		759216F42533BC55008EC379 /* AppDelegate.swift in Sources */ = {isa = PBXBuildFile; fileRef = 759216F32533BC55008EC379 /* AppDelegate.swift */; };
		759216F62533BC55008EC379 /* SceneDelegate.swift in Sources */ = {isa = PBXBuildFile; fileRef = 759216F52533BC55008EC379 /* SceneDelegate.swift */; };
		759216F82533BC55008EC379 /* ViewController.swift in Sources */ = {isa = PBXBuildFile; fileRef = 759216F72533BC55008EC379 /* ViewController.swift */; };
		759216FB2533BC55008EC379 /* Main.storyboard in Resources */ = {isa = PBXBuildFile; fileRef = 759216F92533BC55008EC379 /* Main.storyboard */; };
		759216FD2533BC57008EC379 /* Assets.xcassets in Resources */ = {isa = PBXBuildFile; fileRef = 759216FC2533BC57008EC379 /* Assets.xcassets */; };
		759217002533BC57008EC379 /* LaunchScreen.storyboard in Resources */ = {isa = PBXBuildFile; fileRef = 759216FE2533BC57008EC379 /* LaunchScreen.storyboard */; };
		759217092533BE04008EC379 /* PageViewController.swift in Sources */ = {isa = PBXBuildFile; fileRef = 759217082533BE04008EC379 /* PageViewController.swift */; };
		7592170E2533BE76008EC379 /* ChildViewController.swift in Sources */ = {isa = PBXBuildFile; fileRef = 7592170D2533BE76008EC379 /* ChildViewController.swift */; };
		759217102533BEA8008EC379 /* ChildTableViewController.swift in Sources */ = {isa = PBXBuildFile; fileRef = 7592170F2533BEA8008EC379 /* ChildTableViewController.swift */; };
		759217132533BED1008EC379 /* ChildTableViewCell.swift in Sources */ = {isa = PBXBuildFile; fileRef = 759217122533BED1008EC379 /* ChildTableViewCell.swift */; };
/* End PBXBuildFile section */

/* Begin PBXFileReference section */
		759216F02533BC55008EC379 /* ReloadablePageViewControllerSample.app */ = {isa = PBXFileReference; explicitFileType = wrapper.application; includeInIndex = 0; path = ReloadablePageViewControllerSample.app; sourceTree = BUILT_PRODUCTS_DIR; };
		759216F32533BC55008EC379 /* AppDelegate.swift */ = {isa = PBXFileReference; lastKnownFileType = sourcecode.swift; path = AppDelegate.swift; sourceTree = "<group>"; };
		759216F52533BC55008EC379 /* SceneDelegate.swift */ = {isa = PBXFileReference; lastKnownFileType = sourcecode.swift; path = SceneDelegate.swift; sourceTree = "<group>"; };
		759216F72533BC55008EC379 /* ViewController.swift */ = {isa = PBXFileReference; lastKnownFileType = sourcecode.swift; path = ViewController.swift; sourceTree = "<group>"; };
		759216FA2533BC55008EC379 /* Base */ = {isa = PBXFileReference; lastKnownFileType = file.storyboard; name = Base; path = Base.lproj/Main.storyboard; sourceTree = "<group>"; };
		759216FC2533BC57008EC379 /* Assets.xcassets */ = {isa = PBXFileReference; lastKnownFileType = folder.assetcatalog; path = Assets.xcassets; sourceTree = "<group>"; };
		759216FF2533BC57008EC379 /* Base */ = {isa = PBXFileReference; lastKnownFileType = file.storyboard; name = Base; path = Base.lproj/LaunchScreen.storyboard; sourceTree = "<group>"; };
		759217012533BC57008EC379 /* Info.plist */ = {isa = PBXFileReference; lastKnownFileType = text.plist.xml; path = Info.plist; sourceTree = "<group>"; };
		759217082533BE04008EC379 /* PageViewController.swift */ = {isa = PBXFileReference; lastKnownFileType = sourcecode.swift; path = PageViewController.swift; sourceTree = "<group>"; };
		7592170D2533BE76008EC379 /* ChildViewController.swift */ = {isa = PBXFileReference; lastKnownFileType = sourcecode.swift; path = ChildViewController.swift; sourceTree = "<group>"; };
		7592170F2533BEA8008EC379 /* ChildTableViewController.swift */ = {isa = PBXFileReference; lastKnownFileType = sourcecode.swift; path = ChildTableViewController.swift; sourceTree = "<group>"; };
		759217122533BED1008EC379 /* ChildTableViewCell.swift */ = {isa = PBXFileReference; lastKnownFileType = sourcecode.swift; path = ChildTableViewCell.swift; sourceTree = "<group>"; };
/* End PBXFileReference section */

/* Begin PBXFrameworksBuildPhase section */
		759216ED2533BC55008EC379 /* Frameworks */ = {
			isa = PBXFrameworksBuildPhase;
			buildActionMask = 2147483647;
			files = (
			);
			runOnlyForDeploymentPostprocessing = 0;
		};
/* End PBXFrameworksBuildPhase section */

/* Begin PBXGroup section */
		759216E72533BC55008EC379 = {
			isa = PBXGroup;
			children = (
				759216F22533BC55008EC379 /* ReloadablePageViewControllerSample */,
				759216F12533BC55008EC379 /* Products */,
			);
			sourceTree = "<group>";
		};
		759216F12533BC55008EC379 /* Products */ = {
			isa = PBXGroup;
			children = (
				759216F02533BC55008EC379 /* ReloadablePageViewControllerSample.app */,
			);
			name = Products;
			sourceTree = "<group>";
		};
		759216F22533BC55008EC379 /* ReloadablePageViewControllerSample */ = {
			isa = PBXGroup;
			children = (
				759217072533BDE2008EC379 /* PageViewController */,
				759216F32533BC55008EC379 /* AppDelegate.swift */,
				759216F52533BC55008EC379 /* SceneDelegate.swift */,
				759216F72533BC55008EC379 /* ViewController.swift */,
				759216F92533BC55008EC379 /* Main.storyboard */,
				759216FC2533BC57008EC379 /* Assets.xcassets */,
				759216FE2533BC57008EC379 /* LaunchScreen.storyboard */,
				759217012533BC57008EC379 /* Info.plist */,
			);
			path = ReloadablePageViewControllerSample;
			sourceTree = "<group>";
		};
		759217072533BDE2008EC379 /* PageViewController */ = {
			isa = PBXGroup;
			children = (
				7592170A2533BE0F008EC379 /* ChildViewController */,
				759217082533BE04008EC379 /* PageViewController.swift */,
			);
			path = PageViewController;
			sourceTree = "<group>";
		};
		7592170A2533BE0F008EC379 /* ChildViewController */ = {
			isa = PBXGroup;
			children = (
				7592170C2533BE28008EC379 /* TableViewController */,
				7592170B2533BE22008EC379 /* CollectionViewController */,
			);
			path = ChildViewController;
			sourceTree = "<group>";
		};
		7592170B2533BE22008EC379 /* CollectionViewController */ = {
			isa = PBXGroup;
			children = (
				7592170D2533BE76008EC379 /* ChildViewController.swift */,
			);
			path = CollectionViewController;
			sourceTree = "<group>";
		};
		7592170C2533BE28008EC379 /* TableViewController */ = {
			isa = PBXGroup;
			children = (
				7592170F2533BEA8008EC379 /* ChildTableViewController.swift */,
				759217122533BED1008EC379 /* ChildTableViewCell.swift */,
			);
			path = TableViewController;
			sourceTree = "<group>";
		};
/* End PBXGroup section */

/* Begin PBXNativeTarget section */
		759216EF2533BC55008EC379 /* ReloadablePageViewControllerSample */ = {
			isa = PBXNativeTarget;
			buildConfigurationList = 759217042533BC57008EC379 /* Build configuration list for PBXNativeTarget "ReloadablePageViewControllerSample" */;
			buildPhases = (
				759216EC2533BC55008EC379 /* Sources */,
				759216ED2533BC55008EC379 /* Frameworks */,
				759216EE2533BC55008EC379 /* Resources */,
			);
			buildRules = (
			);
			dependencies = (
			);
			name = ReloadablePageViewControllerSample;
			productName = ReloadablePageViewControllerSample;
			productReference = 759216F02533BC55008EC379 /* ReloadablePageViewControllerSample.app */;
			productType = "com.apple.product-type.application";
		};
/* End PBXNativeTarget section */

/* Begin PBXProject section */
		759216E82533BC55008EC379 /* Project object */ = {
			isa = PBXProject;
			attributes = {
				LastSwiftUpdateCheck = 1150;
				LastUpgradeCheck = 1150;
				ORGANIZATIONNAME = ichikawa;
				TargetAttributes = {
					759216EF2533BC55008EC379 = {
						CreatedOnToolsVersion = 11.5;
					};
				};
			};
			buildConfigurationList = 759216EB2533BC55008EC379 /* Build configuration list for PBXProject "ReloadablePageViewControllerSample" */;
			compatibilityVersion = "Xcode 9.3";
			developmentRegion = en;
			hasScannedForEncodings = 0;
			knownRegions = (
				en,
				Base,
			);
			mainGroup = 759216E72533BC55008EC379;
			productRefGroup = 759216F12533BC55008EC379 /* Products */;
			projectDirPath = "";
			projectRoot = "";
			targets = (
				759216EF2533BC55008EC379 /* ReloadablePageViewControllerSample */,
			);
		};
/* End PBXProject section */

/* Begin PBXResourcesBuildPhase section */
		759216EE2533BC55008EC379 /* Resources */ = {
			isa = PBXResourcesBuildPhase;
			buildActionMask = 2147483647;
			files = (
				759217002533BC57008EC379 /* LaunchScreen.storyboard in Resources */,
				759216FD2533BC57008EC379 /* Assets.xcassets in Resources */,
				759216FB2533BC55008EC379 /* Main.storyboard in Resources */,
			);
			runOnlyForDeploymentPostprocessing = 0;
		};
/* End PBXResourcesBuildPhase section */

/* Begin PBXSourcesBuildPhase section */
		759216EC2533BC55008EC379 /* Sources */ = {
			isa = PBXSourcesBuildPhase;
			buildActionMask = 2147483647;
			files = (
				759216F82533BC55008EC379 /* ViewController.swift in Sources */,
				7592170E2533BE76008EC379 /* ChildViewController.swift in Sources */,
				759216F42533BC55008EC379 /* AppDelegate.swift in Sources */,
				759216F62533BC55008EC379 /* SceneDelegate.swift in Sources */,
				759217102533BEA8008EC379 /* ChildTableViewController.swift in Sources */,
				759217092533BE04008EC379 /* PageViewController.swift in Sources */,
				759217132533BED1008EC379 /* ChildTableViewCell.swift in Sources */,
			);
			runOnlyForDeploymentPostprocessing = 0;
		};
/* End PBXSourcesBuildPhase section */

/* Begin PBXVariantGroup section */
		759216F92533BC55008EC379 /* Main.storyboard */ = {
			isa = PBXVariantGroup;
			children = (
				759216FA2533BC55008EC379 /* Base */,
			);
			name = Main.storyboard;
			sourceTree = "<group>";
		};
		759216FE2533BC57008EC379 /* LaunchScreen.storyboard */ = {
			isa = PBXVariantGroup;
			children = (
				759216FF2533BC57008EC379 /* Base */,
			);
			name = LaunchScreen.storyboard;
			sourceTree = "<group>";
		};
/* End PBXVariantGroup section */

/* Begin XCBuildConfiguration section */
		759217022533BC57008EC379 /* Debug */ = {
			isa = XCBuildConfiguration;
			buildSettings = {
				ALWAYS_SEARCH_USER_PATHS = NO;
				CLANG_ANALYZER_NONNULL = YES;
				CLANG_ANALYZER_NUMBER_OBJECT_CONVERSION = YES_AGGRESSIVE;
				CLANG_CXX_LANGUAGE_STANDARD = "gnu++14";
				CLANG_CXX_LIBRARY = "libc++";
				CLANG_ENABLE_MODULES = YES;
				CLANG_ENABLE_OBJC_ARC = YES;
				CLANG_ENABLE_OBJC_WEAK = YES;
				CLANG_WARN_BLOCK_CAPTURE_AUTORELEASING = YES;
				CLANG_WARN_BOOL_CONVERSION = YES;
				CLANG_WARN_COMMA = YES;
				CLANG_WARN_CONSTANT_CONVERSION = YES;
				CLANG_WARN_DEPRECATED_OBJC_IMPLEMENTATIONS = YES;
				CLANG_WARN_DIRECT_OBJC_ISA_USAGE = YES_ERROR;
				CLANG_WARN_DOCUMENTATION_COMMENTS = YES;
				CLANG_WARN_EMPTY_BODY = YES;
				CLANG_WARN_ENUM_CONVERSION = YES;
				CLANG_WARN_INFINITE_RECURSION = YES;
				CLANG_WARN_INT_CONVERSION = YES;
				CLANG_WARN_NON_LITERAL_NULL_CONVERSION = YES;
				CLANG_WARN_OBJC_IMPLICIT_RETAIN_SELF = YES;
				CLANG_WARN_OBJC_LITERAL_CONVERSION = YES;
				CLANG_WARN_OBJC_ROOT_CLASS = YES_ERROR;
				CLANG_WARN_RANGE_LOOP_ANALYSIS = YES;
				CLANG_WARN_STRICT_PROTOTYPES = YES;
				CLANG_WARN_SUSPICIOUS_MOVE = YES;
				CLANG_WARN_UNGUARDED_AVAILABILITY = YES_AGGRESSIVE;
				CLANG_WARN_UNREACHABLE_CODE = YES;
				CLANG_WARN__DUPLICATE_METHOD_MATCH = YES;
				COPY_PHASE_STRIP = NO;
				DEBUG_INFORMATION_FORMAT = dwarf;
				ENABLE_STRICT_OBJC_MSGSEND = YES;
				ENABLE_TESTABILITY = YES;
				GCC_C_LANGUAGE_STANDARD = gnu11;
				GCC_DYNAMIC_NO_PIC = NO;
				GCC_NO_COMMON_BLOCKS = YES;
				GCC_OPTIMIZATION_LEVEL = 0;
				GCC_PREPROCESSOR_DEFINITIONS = (
					"DEBUG=1",
					"$(inherited)",
				);
				GCC_WARN_64_TO_32_BIT_CONVERSION = YES;
				GCC_WARN_ABOUT_RETURN_TYPE = YES_ERROR;
				GCC_WARN_UNDECLARED_SELECTOR = YES;
				GCC_WARN_UNINITIALIZED_AUTOS = YES_AGGRESSIVE;
				GCC_WARN_UNUSED_FUNCTION = YES;
				GCC_WARN_UNUSED_VARIABLE = YES;
				IPHONEOS_DEPLOYMENT_TARGET = 13.5;
				MTL_ENABLE_DEBUG_INFO = INCLUDE_SOURCE;
				MTL_FAST_MATH = YES;
				ONLY_ACTIVE_ARCH = YES;
				SDKROOT = iphoneos;
				SWIFT_ACTIVE_COMPILATION_CONDITIONS = DEBUG;
				SWIFT_OPTIMIZATION_LEVEL = "-Onone";
			};
			name = Debug;
		};
		759217032533BC57008EC379 /* Release */ = {
			isa = XCBuildConfiguration;
			buildSettings = {
				ALWAYS_SEARCH_USER_PATHS = NO;
				CLANG_ANALYZER_NONNULL = YES;
				CLANG_ANALYZER_NUMBER_OBJECT_CONVERSION = YES_AGGRESSIVE;
				CLANG_CXX_LANGUAGE_STANDARD = "gnu++14";
				CLANG_CXX_LIBRARY = "libc++";
				CLANG_ENABLE_MODULES = YES;
				CLANG_ENABLE_OBJC_ARC = YES;
				CLANG_ENABLE_OBJC_WEAK = YES;
				CLANG_WARN_BLOCK_CAPTURE_AUTORELEASING = YES;
				CLANG_WARN_BOOL_CONVERSION = YES;
				CLANG_WARN_COMMA = YES;
				CLANG_WARN_CONSTANT_CONVERSION = YES;
				CLANG_WARN_DEPRECATED_OBJC_IMPLEMENTATIONS = YES;
				CLANG_WARN_DIRECT_OBJC_ISA_USAGE = YES_ERROR;
				CLANG_WARN_DOCUMENTATION_COMMENTS = YES;
				CLANG_WARN_EMPTY_BODY = YES;
				CLANG_WARN_ENUM_CONVERSION = YES;
				CLANG_WARN_INFINITE_RECURSION = YES;
				CLANG_WARN_INT_CONVERSION = YES;
				CLANG_WARN_NON_LITERAL_NULL_CONVERSION = YES;
				CLANG_WARN_OBJC_IMPLICIT_RETAIN_SELF = YES;
				CLANG_WARN_OBJC_LITERAL_CONVERSION = YES;
				CLANG_WARN_OBJC_ROOT_CLASS = YES_ERROR;
				CLANG_WARN_RANGE_LOOP_ANALYSIS = YES;
				CLANG_WARN_STRICT_PROTOTYPES = YES;
				CLANG_WARN_SUSPICIOUS_MOVE = YES;
				CLANG_WARN_UNGUARDED_AVAILABILITY = YES_AGGRESSIVE;
				CLANG_WARN_UNREACHABLE_CODE = YES;
				CLANG_WARN__DUPLICATE_METHOD_MATCH = YES;
				COPY_PHASE_STRIP = NO;
				DEBUG_INFORMATION_FORMAT = "dwarf-with-dsym";
				ENABLE_NS_ASSERTIONS = NO;
				ENABLE_STRICT_OBJC_MSGSEND = YES;
				GCC_C_LANGUAGE_STANDARD = gnu11;
				GCC_NO_COMMON_BLOCKS = YES;
				GCC_WARN_64_TO_32_BIT_CONVERSION = YES;
				GCC_WARN_ABOUT_RETURN_TYPE = YES_ERROR;
				GCC_WARN_UNDECLARED_SELECTOR = YES;
				GCC_WARN_UNINITIALIZED_AUTOS = YES_AGGRESSIVE;
				GCC_WARN_UNUSED_FUNCTION = YES;
				GCC_WARN_UNUSED_VARIABLE = YES;
				IPHONEOS_DEPLOYMENT_TARGET = 13.5;
				MTL_ENABLE_DEBUG_INFO = NO;
				MTL_FAST_MATH = YES;
				SDKROOT = iphoneos;
				SWIFT_COMPILATION_MODE = wholemodule;
				SWIFT_OPTIMIZATION_LEVEL = "-O";
				VALIDATE_PRODUCT = YES;
			};
			name = Release;
		};
		759217052533BC57008EC379 /* Debug */ = {
			isa = XCBuildConfiguration;
			buildSettings = {
				ASSETCATALOG_COMPILER_APPICON_NAME = AppIcon;
				CODE_SIGN_STYLE = Automatic;
				DEVELOPMENT_TEAM = SKD58BVR64;
				INFOPLIST_FILE = ReloadablePageViewControllerSample/Info.plist;
				LD_RUNPATH_SEARCH_PATHS = (
					"$(inherited)",
					"@executable_path/Frameworks",
				);
				PRODUCT_BUNDLE_IDENTIFIER = com.ReloadablePageViewControllerSample;
				PRODUCT_NAME = "$(TARGET_NAME)";
				SWIFT_VERSION = 5.0;
				TARGETED_DEVICE_FAMILY = "1,2";
			};
			name = Debug;
		};
		759217062533BC57008EC379 /* Release */ = {
			isa = XCBuildConfiguration;
			buildSettings = {
				ASSETCATALOG_COMPILER_APPICON_NAME = AppIcon;
				CODE_SIGN_STYLE = Automatic;
				DEVELOPMENT_TEAM = SKD58BVR64;
				INFOPLIST_FILE = ReloadablePageViewControllerSample/Info.plist;
				LD_RUNPATH_SEARCH_PATHS = (
					"$(inherited)",
					"@executable_path/Frameworks",
				);
				PRODUCT_BUNDLE_IDENTIFIER = com.ReloadablePageViewControllerSample;
				PRODUCT_NAME = "$(TARGET_NAME)";
				SWIFT_VERSION = 5.0;
				TARGETED_DEVICE_FAMILY = "1,2";
			};
			name = Release;
		};
/* End XCBuildConfiguration section */

/* Begin XCConfigurationList section */
		759216EB2533BC55008EC379 /* Build configuration list for PBXProject "ReloadablePageViewControllerSample" */ = {
			isa = XCConfigurationList;
			buildConfigurations = (
				759217022533BC57008EC379 /* Debug */,
				759217032533BC57008EC379 /* Release */,
			);
			defaultConfigurationIsVisible = 0;
			defaultConfigurationName = Release;
		};
		759217042533BC57008EC379 /* Build configuration list for PBXNativeTarget "ReloadablePageViewControllerSample" */ = {
			isa = XCConfigurationList;
			buildConfigurations = (
				759217052533BC57008EC379 /* Debug */,
				759217062533BC57008EC379 /* Release */,
			);
			defaultConfigurationIsVisible = 0;
			defaultConfigurationName = Release;
		};
/* End XCConfigurationList section */
	};
	rootObject = 759216E82533BC55008EC379 /* Project object */;
}
